
Microsoft Visual Studio Solution File, Format Version 12.00
# Visual Studio Version 17
VisualStudioVersion = 17.1.32319.34
MinimumVisualStudioVersion = 10.0.40219.1
Project("{FAE04EC0-301F-11D3-BF4B-00C04F79EFBC}") = "EgyptianAPI", "EgyptianAPI\EgyptianAPI.csproj", "{55A9E777-F43A-4637-97DC-957E4ADCDA43}"
EndProject
Global
	GlobalSection(SolutionConfigurationPlatforms) = preSolution
		Debug|Any CPU = Debug|Any CPU
		Release|Any CPU = Release|Any CPU
	EndGlobalSection
	GlobalSection(ProjectConfigurationPlatforms) = postSolution
		{55A9E777-F43A-4637-97DC-957E4ADCDA43}.Debug|Any CPU.ActiveCfg = Debug|Any CPU
		{55A9E777-F43A-4637-97DC-957E4ADCDA43}.Debug|Any CPU.Build.0 = Debug|Any CPU
		{55A9E777-F43A-4637-97DC-957E4ADCDA43}.Release|Any CPU.ActiveCfg = Release|Any CPU
		{55A9E777-F43A-4637-97DC-957E4ADCDA43}.Release|Any CPU.Build.0 = Release|Any CPU
	EndGlobalSection
	GlobalSection(SolutionProperties) = preSolution
		HideSolutionNode = FALSE
	EndGlobalSection
	GlobalSection(ExtensibilityGlobals) = postSolution
		SolutionGuid = {34E91B68-493E-4157-BBA9-047794790281}
	EndGlobalSection
EndGlobal
